
Microsoft Visual Studio Solution File, Format Version 12.00
# Visual Studio Version 17
VisualStudioVersion = 17.2.32505.173
MinimumVisualStudioVersion = 10.0.40219.1
Project("{2150E333-8FDC-42A3-9474-1A3956D46DE8}") = "Src", "Src", "{9D2B2A98-942D-4649-BDCA-CB78A6D615CC}"
EndProject
Project("{2150E333-8FDC-42A3-9474-1A3956D46DE8}") = "Doc", "Doc", "{767C0602-ADFA-4176-B1C2-5CB7796ADB1E}"
EndProject
Project("{2150E333-8FDC-42A3-9474-1A3956D46DE8}") = "Test", "Test", "{8A95759F-3014-4D7F-A22F-22CE3959CC20}"
EndProject
Project("{2150E333-8FDC-42A3-9474-1A3956D46DE8}") = "Common", "Common", "{CAAD7AC5-9F39-4A1E-B333-ACBF4E05A671}"
EndProject
Project("{2150E333-8FDC-42A3-9474-1A3956D46DE8}") = "Core", "Core", "{8697E768-8D39-4907-B734-1F8045EB8C51}"
EndProject
Project("{2150E333-8FDC-42A3-9474-1A3956D46DE8}") = "InfraStructure", "InfraStructure", "{CC18FEC4-309E-404F-B3E0-BA54A0FECA77}"
EndProject
Project("{2150E333-8FDC-42A3-9474-1A3956D46DE8}") = "Presentation", "Presentation", "{6E2507F5-AECE-4E62-B0D5-80D60AAD72AF}"
EndProject
Project("{FAE04EC0-301F-11D3-BF4B-00C04F79EFBC}") = "Simurgh.Common", "Simurgh.Common\Simurgh.Common.csproj", "{4BD01896-3F5F-4C6F-AC98-3556146AF475}"
EndProject
Project("{FAE04EC0-301F-11D3-BF4B-00C04F79EFBC}") = "Simurgh.Domain", "Simurgh.Domain\Simurgh.Domain.csproj", "{023EF951-13B4-4633-B44B-CED7DA9BEDF6}"
EndProject
Project("{FAE04EC0-301F-11D3-BF4B-00C04F79EFBC}") = "Simurgh.Application", "Simurgh.Application\Simurgh.Application.csproj", "{27B445E2-915F-4B72-929F-A552821A8AD1}"
EndProject
Project("{FAE04EC0-301F-11D3-BF4B-00C04F79EFBC}") = "Simurgh.Infra", "Simurgh.Infra\Simurgh.Infra.csproj", "{3720B7B8-9B62-4B13-B952-C9ACBFB78872}"
EndProject
Project("{FAE04EC0-301F-11D3-BF4B-00C04F79EFBC}") = "Simurgh.Persistence", "Simurgh.Persistence\Simurgh.Persistence.csproj", "{AD9CBE77-B8DD-4D91-A53B-7D2794BD8D9A}"
EndProject
Project("{FAE04EC0-301F-11D3-BF4B-00C04F79EFBC}") = "EndPoint.WEB", "EndPoint.WEB\EndPoint.WEB.csproj", "{853E05A4-F5A8-470E-A43D-A151E78593CB}"
EndProject
Global
	GlobalSection(SolutionConfigurationPlatforms) = preSolution
		Debug|Any CPU = Debug|Any CPU
		Release|Any CPU = Release|Any CPU
	EndGlobalSection
	GlobalSection(ProjectConfigurationPlatforms) = postSolution
		{4BD01896-3F5F-4C6F-AC98-3556146AF475}.Debug|Any CPU.ActiveCfg = Debug|Any CPU
		{4BD01896-3F5F-4C6F-AC98-3556146AF475}.Debug|Any CPU.Build.0 = Debug|Any CPU
		{4BD01896-3F5F-4C6F-AC98-3556146AF475}.Release|Any CPU.ActiveCfg = Release|Any CPU
		{4BD01896-3F5F-4C6F-AC98-3556146AF475}.Release|Any CPU.Build.0 = Release|Any CPU
		{023EF951-13B4-4633-B44B-CED7DA9BEDF6}.Debug|Any CPU.ActiveCfg = Debug|Any CPU
		{023EF951-13B4-4633-B44B-CED7DA9BEDF6}.Debug|Any CPU.Build.0 = Debug|Any CPU
		{023EF951-13B4-4633-B44B-CED7DA9BEDF6}.Release|Any CPU.ActiveCfg = Release|Any CPU
		{023EF951-13B4-4633-B44B-CED7DA9BEDF6}.Release|Any CPU.Build.0 = Release|Any CPU
		{27B445E2-915F-4B72-929F-A552821A8AD1}.Debug|Any CPU.ActiveCfg = Debug|Any CPU
		{27B445E2-915F-4B72-929F-A552821A8AD1}.Debug|Any CPU.Build.0 = Debug|Any CPU
		{27B445E2-915F-4B72-929F-A552821A8AD1}.Release|Any CPU.ActiveCfg = Release|Any CPU
		{27B445E2-915F-4B72-929F-A552821A8AD1}.Release|Any CPU.Build.0 = Release|Any CPU
		{3720B7B8-9B62-4B13-B952-C9ACBFB78872}.Debug|Any CPU.ActiveCfg = Debug|Any CPU
		{3720B7B8-9B62-4B13-B952-C9ACBFB78872}.Debug|Any CPU.Build.0 = Debug|Any CPU
		{3720B7B8-9B62-4B13-B952-C9ACBFB78872}.Release|Any CPU.ActiveCfg = Release|Any CPU
		{3720B7B8-9B62-4B13-B952-C9ACBFB78872}.Release|Any CPU.Build.0 = Release|Any CPU
		{AD9CBE77-B8DD-4D91-A53B-7D2794BD8D9A}.Debug|Any CPU.ActiveCfg = Debug|Any CPU
		{AD9CBE77-B8DD-4D91-A53B-7D2794BD8D9A}.Debug|Any CPU.Build.0 = Debug|Any CPU
		{AD9CBE77-B8DD-4D91-A53B-7D2794BD8D9A}.Release|Any CPU.ActiveCfg = Release|Any CPU
		{AD9CBE77-B8DD-4D91-A53B-7D2794BD8D9A}.Release|Any CPU.Build.0 = Release|Any CPU
		{853E05A4-F5A8-470E-A43D-A151E78593CB}.Debug|Any CPU.ActiveCfg = Debug|Any CPU
		{853E05A4-F5A8-470E-A43D-A151E78593CB}.Debug|Any CPU.Build.0 = Debug|Any CPU
		{853E05A4-F5A8-470E-A43D-A151E78593CB}.Release|Any CPU.ActiveCfg = Release|Any CPU
		{853E05A4-F5A8-470E-A43D-A151E78593CB}.Release|Any CPU.Build.0 = Release|Any CPU
	EndGlobalSection
	GlobalSection(SolutionProperties) = preSolution
		HideSolutionNode = FALSE
	EndGlobalSection
	GlobalSection(NestedProjects) = preSolution
		{CAAD7AC5-9F39-4A1E-B333-ACBF4E05A671} = {9D2B2A98-942D-4649-BDCA-CB78A6D615CC}
		{8697E768-8D39-4907-B734-1F8045EB8C51} = {9D2B2A98-942D-4649-BDCA-CB78A6D615CC}
		{CC18FEC4-309E-404F-B3E0-BA54A0FECA77} = {9D2B2A98-942D-4649-BDCA-CB78A6D615CC}
		{6E2507F5-AECE-4E62-B0D5-80D60AAD72AF} = {9D2B2A98-942D-4649-BDCA-CB78A6D615CC}
		{4BD01896-3F5F-4C6F-AC98-3556146AF475} = {CAAD7AC5-9F39-4A1E-B333-ACBF4E05A671}
		{023EF951-13B4-4633-B44B-CED7DA9BEDF6} = {8697E768-8D39-4907-B734-1F8045EB8C51}
		{27B445E2-915F-4B72-929F-A552821A8AD1} = {8697E768-8D39-4907-B734-1F8045EB8C51}
		{3720B7B8-9B62-4B13-B952-C9ACBFB78872} = {CC18FEC4-309E-404F-B3E0-BA54A0FECA77}
		{AD9CBE77-B8DD-4D91-A53B-7D2794BD8D9A} = {CC18FEC4-309E-404F-B3E0-BA54A0FECA77}
		{853E05A4-F5A8-470E-A43D-A151E78593CB} = {6E2507F5-AECE-4E62-B0D5-80D60AAD72AF}
	EndGlobalSection
	GlobalSection(ExtensibilityGlobals) = postSolution
		SolutionGuid = {F57E4483-70F9-4BF5-AB0A-BAA7DBB859C1}
	EndGlobalSection
EndGlobal
